
Microsoft Visual Studio Solution File, Format Version 12.00
# Visual Studio Version 17
VisualStudioVersion = 17.0.31903.59
MinimumVisualStudioVersion = 10.0.40219.1
Project("{FAE04EC0-301F-11D3-BF4B-00C04F79EFBC}") = "DistanceChecker", "DistanceChecker.csproj", "{6A3D28EE-5E5D-4356-9EF7-471AB1615169}"
EndProject
Global
	GlobalSection(SolutionConfigurationPlatforms) = preSolution
		Debug|Any CPU = Debug|Any CPU
		Release|Any CPU = Release|Any CPU
	EndGlobalSection
	GlobalSection(ProjectConfigurationPlatforms) = postSolution
		{6A3D28EE-5E5D-4356-9EF7-471AB1615169}.Debug|Any CPU.ActiveCfg = Debug|Any CPU
		{6A3D28EE-5E5D-4356-9EF7-471AB1615169}.Debug|Any CPU.Build.0 = Debug|Any CPU
		{6A3D28EE-5E5D-4356-9EF7-471AB1615169}.Release|Any CPU.ActiveCfg = Release|Any CPU
		{6A3D28EE-5E5D-4356-9EF7-471AB1615169}.Release|Any CPU.Build.0 = Release|Any CPU
	EndGlobalSection
	GlobalSection(SolutionProperties) = preSolution
		HideSolutionNode = FALSE
	EndGlobalSection
	GlobalSection(ExtensibilityGlobals) = postSolution
		SolutionGuid = {00762EEF-F9F6-46E2-9A01-ED2D3A0C065C}
	EndGlobalSection
EndGlobal
